
Microsoft Visual Studio Solution File, Format Version 12.00
# Visual Studio 15
Project("{FAE04EC0-301F-11D3-BF4B-00C04F79EFBC}") = "CFXREditor", "CFXREditor.csproj", "{1A9B5AB6-B78F-4968-E1C8-D6ACBFD3A3F6}"
EndProject
Project("{FAE04EC0-301F-11D3-BF4B-00C04F79EFBC}") = "Assembly-CSharp", "Assembly-CSharp.csproj", "{EA9C9BA0-3B00-B361-EF5D-8298265CE076}"
EndProject
Project("{FAE04EC0-301F-11D3-BF4B-00C04F79EFBC}") = "CFXRRuntime", "CFXRRuntime.csproj", "{A82929A5-4E81-CACC-769E-BB9587E1003C}"
EndProject
Project("{FAE04EC0-301F-11D3-BF4B-00C04F79EFBC}") = "CFXRDemo", "CFXRDemo.csproj", "{83FCD390-A199-13C8-7AC5-C879BCE27D97}"
EndProject
Project("{FAE04EC0-301F-11D3-BF4B-00C04F79EFBC}") = "KinoBloom.Runtime", "KinoBloom.Runtime.csproj", "{2ABC655B-3181-4327-FE13-FB8A16216342}"
EndProject
Project("{FAE04EC0-301F-11D3-BF4B-00C04F79EFBC}") = "ToonyColorsPro.Demo.Editor", "ToonyColorsPro.Demo.Editor.csproj", "{19D5CBD7-3E76-2D74-2305-7C6C70058654}"
EndProject
Project("{FAE04EC0-301F-11D3-BF4B-00C04F79EFBC}") = "CFXR.WelcomeScreen", "CFXR.WelcomeScreen.csproj", "{F5643318-D37E-EFCB-C491-41CAF2F39457}"
EndProject
Global
	GlobalSection(SolutionConfigurationPlatforms) = preSolution
		Debug|Any CPU = Debug|Any CPU
		Release|Any CPU = Release|Any CPU
	EndGlobalSection
	GlobalSection(ProjectConfigurationPlatforms) = postSolution
		{1A9B5AB6-B78F-4968-E1C8-D6ACBFD3A3F6}.Debug|Any CPU.ActiveCfg = Debug|Any CPU
		{1A9B5AB6-B78F-4968-E1C8-D6ACBFD3A3F6}.Debug|Any CPU.Build.0 = Debug|Any CPU
		{1A9B5AB6-B78F-4968-E1C8-D6ACBFD3A3F6}.Release|Any CPU.ActiveCfg = Release|Any CPU
		{1A9B5AB6-B78F-4968-E1C8-D6ACBFD3A3F6}.Release|Any CPU.Build.0 = Release|Any CPU
		{EA9C9BA0-3B00-B361-EF5D-8298265CE076}.Debug|Any CPU.ActiveCfg = Debug|Any CPU
		{EA9C9BA0-3B00-B361-EF5D-8298265CE076}.Debug|Any CPU.Build.0 = Debug|Any CPU
		{EA9C9BA0-3B00-B361-EF5D-8298265CE076}.Release|Any CPU.ActiveCfg = Release|Any CPU
		{EA9C9BA0-3B00-B361-EF5D-8298265CE076}.Release|Any CPU.Build.0 = Release|Any CPU
		{A82929A5-4E81-CACC-769E-BB9587E1003C}.Debug|Any CPU.ActiveCfg = Debug|Any CPU
		{A82929A5-4E81-CACC-769E-BB9587E1003C}.Debug|Any CPU.Build.0 = Debug|Any CPU
		{A82929A5-4E81-CACC-769E-BB9587E1003C}.Release|Any CPU.ActiveCfg = Release|Any CPU
		{A82929A5-4E81-CACC-769E-BB9587E1003C}.Release|Any CPU.Build.0 = Release|Any CPU
		{83FCD390-A199-13C8-7AC5-C879BCE27D97}.Debug|Any CPU.ActiveCfg = Debug|Any CPU
		{83FCD390-A199-13C8-7AC5-C879BCE27D97}.Debug|Any CPU.Build.0 = Debug|Any CPU
		{83FCD390-A199-13C8-7AC5-C879BCE27D97}.Release|Any CPU.ActiveCfg = Release|Any CPU
		{83FCD390-A199-13C8-7AC5-C879BCE27D97}.Release|Any CPU.Build.0 = Release|Any CPU
		{2ABC655B-3181-4327-FE13-FB8A16216342}.Debug|Any CPU.ActiveCfg = Debug|Any CPU
		{2ABC655B-3181-4327-FE13-FB8A16216342}.Debug|Any CPU.Build.0 = Debug|Any CPU
		{2ABC655B-3181-4327-FE13-FB8A16216342}.Release|Any CPU.ActiveCfg = Release|Any CPU
		{2ABC655B-3181-4327-FE13-FB8A16216342}.Release|Any CPU.Build.0 = Release|Any CPU
		{19D5CBD7-3E76-2D74-2305-7C6C70058654}.Debug|Any CPU.ActiveCfg = Debug|Any CPU
		{19D5CBD7-3E76-2D74-2305-7C6C70058654}.Debug|Any CPU.Build.0 = Debug|Any CPU
		{19D5CBD7-3E76-2D74-2305-7C6C70058654}.Release|Any CPU.ActiveCfg = Release|Any CPU
		{19D5CBD7-3E76-2D74-2305-7C6C70058654}.Release|Any CPU.Build.0 = Release|Any CPU
		{F5643318-D37E-EFCB-C491-41CAF2F39457}.Debug|Any CPU.ActiveCfg = Debug|Any CPU
		{F5643318-D37E-EFCB-C491-41CAF2F39457}.Debug|Any CPU.Build.0 = Debug|Any CPU
		{F5643318-D37E-EFCB-C491-41CAF2F39457}.Release|Any CPU.ActiveCfg = Release|Any CPU
		{F5643318-D37E-EFCB-C491-41CAF2F39457}.Release|Any CPU.Build.0 = Release|Any CPU
	EndGlobalSection
	GlobalSection(SolutionProperties) = preSolution
		HideSolutionNode = FALSE
	EndGlobalSection
EndGlobal
