
Microsoft Visual Studio Solution File, Format Version 12.00
# Visual Studio 15
Project("{FAE04EC0-301F-11D3-BF4B-00C04F79EFBC}") = "CFXREditor", "CFXREditor.csproj", "{99971D1A-4FFA-C62E-8E64-A6EEDC7EDDDA}"
EndProject
Project("{FAE04EC0-301F-11D3-BF4B-00C04F79EFBC}") = "Assembly-CSharp", "Assembly-CSharp.csproj", "{8CD4DB3C-FF37-8013-A352-81359CD639D9}"
EndProject
Project("{FAE04EC0-301F-11D3-BF4B-00C04F79EFBC}") = "CFXRRuntime", "CFXRRuntime.csproj", "{E9F5E84D-D836-EC40-5D68-EF835AA7E750}"
EndProject
Project("{FAE04EC0-301F-11D3-BF4B-00C04F79EFBC}") = "CFXRDemo", "CFXRDemo.csproj", "{4C832A3B-77BE-F088-18C2-6A28C608CA43}"
EndProject
Project("{FAE04EC0-301F-11D3-BF4B-00C04F79EFBC}") = "KinoBloom.Runtime", "KinoBloom.Runtime.csproj", "{2B370EB5-A121-AB36-2E67-29DEE57FE21F}"
EndProject
Project("{FAE04EC0-301F-11D3-BF4B-00C04F79EFBC}") = "ToonyColorsPro.Demo.Editor", "ToonyColorsPro.Demo.Editor.csproj", "{18A3C5AC-9AED-D15C-FD61-F330DD4A1DAE}"
EndProject
Project("{FAE04EC0-301F-11D3-BF4B-00C04F79EFBC}") = "CFXR.WelcomeScreen", "CFXR.WelcomeScreen.csproj", "{BE270606-92E4-7DE8-27E9-09F5A1489CC7}"
EndProject
Global
	GlobalSection(SolutionConfigurationPlatforms) = preSolution
		Debug|Any CPU = Debug|Any CPU
		Release|Any CPU = Release|Any CPU
	EndGlobalSection
	GlobalSection(ProjectConfigurationPlatforms) = postSolution
		{99971D1A-4FFA-C62E-8E64-A6EEDC7EDDDA}.Debug|Any CPU.ActiveCfg = Debug|Any CPU
		{99971D1A-4FFA-C62E-8E64-A6EEDC7EDDDA}.Debug|Any CPU.Build.0 = Debug|Any CPU
		{99971D1A-4FFA-C62E-8E64-A6EEDC7EDDDA}.Release|Any CPU.ActiveCfg = Release|Any CPU
		{99971D1A-4FFA-C62E-8E64-A6EEDC7EDDDA}.Release|Any CPU.Build.0 = Release|Any CPU
		{8CD4DB3C-FF37-8013-A352-81359CD639D9}.Debug|Any CPU.ActiveCfg = Debug|Any CPU
		{8CD4DB3C-FF37-8013-A352-81359CD639D9}.Debug|Any CPU.Build.0 = Debug|Any CPU
		{8CD4DB3C-FF37-8013-A352-81359CD639D9}.Release|Any CPU.ActiveCfg = Release|Any CPU
		{8CD4DB3C-FF37-8013-A352-81359CD639D9}.Release|Any CPU.Build.0 = Release|Any CPU
		{E9F5E84D-D836-EC40-5D68-EF835AA7E750}.Debug|Any CPU.ActiveCfg = Debug|Any CPU
		{E9F5E84D-D836-EC40-5D68-EF835AA7E750}.Debug|Any CPU.Build.0 = Debug|Any CPU
		{E9F5E84D-D836-EC40-5D68-EF835AA7E750}.Release|Any CPU.ActiveCfg = Release|Any CPU
		{E9F5E84D-D836-EC40-5D68-EF835AA7E750}.Release|Any CPU.Build.0 = Release|Any CPU
		{4C832A3B-77BE-F088-18C2-6A28C608CA43}.Debug|Any CPU.ActiveCfg = Debug|Any CPU
		{4C832A3B-77BE-F088-18C2-6A28C608CA43}.Debug|Any CPU.Build.0 = Debug|Any CPU
		{4C832A3B-77BE-F088-18C2-6A28C608CA43}.Release|Any CPU.ActiveCfg = Release|Any CPU
		{4C832A3B-77BE-F088-18C2-6A28C608CA43}.Release|Any CPU.Build.0 = Release|Any CPU
		{2B370EB5-A121-AB36-2E67-29DEE57FE21F}.Debug|Any CPU.ActiveCfg = Debug|Any CPU
		{2B370EB5-A121-AB36-2E67-29DEE57FE21F}.Debug|Any CPU.Build.0 = Debug|Any CPU
		{2B370EB5-A121-AB36-2E67-29DEE57FE21F}.Release|Any CPU.ActiveCfg = Release|Any CPU
		{2B370EB5-A121-AB36-2E67-29DEE57FE21F}.Release|Any CPU.Build.0 = Release|Any CPU
		{18A3C5AC-9AED-D15C-FD61-F330DD4A1DAE}.Debug|Any CPU.ActiveCfg = Debug|Any CPU
		{18A3C5AC-9AED-D15C-FD61-F330DD4A1DAE}.Debug|Any CPU.Build.0 = Debug|Any CPU
		{18A3C5AC-9AED-D15C-FD61-F330DD4A1DAE}.Release|Any CPU.ActiveCfg = Release|Any CPU
		{18A3C5AC-9AED-D15C-FD61-F330DD4A1DAE}.Release|Any CPU.Build.0 = Release|Any CPU
		{BE270606-92E4-7DE8-27E9-09F5A1489CC7}.Debug|Any CPU.ActiveCfg = Debug|Any CPU
		{BE270606-92E4-7DE8-27E9-09F5A1489CC7}.Debug|Any CPU.Build.0 = Debug|Any CPU
		{BE270606-92E4-7DE8-27E9-09F5A1489CC7}.Release|Any CPU.ActiveCfg = Release|Any CPU
		{BE270606-92E4-7DE8-27E9-09F5A1489CC7}.Release|Any CPU.Build.0 = Release|Any CPU
	EndGlobalSection
	GlobalSection(SolutionProperties) = preSolution
		HideSolutionNode = FALSE
	EndGlobalSection
EndGlobal
